{
  "originHash" : "c55027d45041847c97f6318279b0a79ef13ca085ba2c37e763821460ec2d3807",
  "pins" : [
    {
      "identity" : "alamofire",
      "kind" : "remoteSourceControl",
      "location" : "https://github.com/Alamofire/Alamofire.git",
      "state" : {
        "revision" : "f455c2975872ccd2d9c81594c658af65716e9b9a",
        "version" : "5.9.1"
      }
    },
    {
      "identity" : "markdownkit",
      "kind" : "remoteSourceControl",
      "location" : "https://github.com/bmoliveira/MarkdownKit",
      "state" : {
        "revision" : "5056f3305d3499f44d8815530d560b87082e0cf5",
        "version" : "1.7.1"
      }
    }
  ],
  "version" : 3
}
